
Microsoft Visual Studio Solution File, Format Version 12.00
# Visual Studio Version 17
VisualStudioVersion = 17.3.32929.385
MinimumVisualStudioVersion = 10.0.40219.1
Project("{FAE04EC0-301F-11D3-BF4B-00C04F79EFBC}") = "Calculator", "Calculator\Calculator.csproj", "{F9F798D3-F0D7-486E-8CA6-C5F9E497F60D}"
EndProject
Global
	GlobalSection(SolutionConfigurationPlatforms) = preSolution
		Debug|Any CPU = Debug|Any CPU
		Release|Any CPU = Release|Any CPU
	EndGlobalSection
	GlobalSection(ProjectConfigurationPlatforms) = postSolution
		{F9F798D3-F0D7-486E-8CA6-C5F9E497F60D}.Debug|Any CPU.ActiveCfg = Debug|Any CPU
		{F9F798D3-F0D7-486E-8CA6-C5F9E497F60D}.Debug|Any CPU.Build.0 = Debug|Any CPU
		{F9F798D3-F0D7-486E-8CA6-C5F9E497F60D}.Release|Any CPU.ActiveCfg = Release|Any CPU
		{F9F798D3-F0D7-486E-8CA6-C5F9E497F60D}.Release|Any CPU.Build.0 = Release|Any CPU
	EndGlobalSection
	GlobalSection(SolutionProperties) = preSolution
		HideSolutionNode = FALSE
	EndGlobalSection
	GlobalSection(ExtensibilityGlobals) = postSolution
		SolutionGuid = {E41303C7-9289-4387-BD44-279772D3E894}
	EndGlobalSection
EndGlobal
